<?xml version="1.0" encoding="utf-8"?>
<Project ToolsVersion="4.0" xmlns="http://schemas.microsoft.com/developer/msbuild/2003">
  <ItemGroup>
    <Filter Include="Source Files">
      <UniqueIdentifier>{4FC737F1-C7A5-4376-A066-2A32D752A2FF}</UniqueIdentifier>
      <Extensions>cpp;c;cc;cxx;def;odl;idl;hpj;bat;asm;asmx</Extensions>
    </Filter>
    <Filter Include="Header Files">
      <UniqueIdentifier>{93995380-89BD-4b04-88EB-625FBE52EBFB}</UniqueIdentifier>
      <Extensions>h;hh;hpp;hxx;hm;inl;inc;ipp;xsd</Extensions>
    </Filter>
    <Filter Include="Resource Files">
      <UniqueIdentifier>{67DA6AB6-F800-4c08-8B7A-83BB121AAD01}</UniqueIdentifier>
      <Extensions>rc;ico;cur;bmp;dlg;rc2;rct;bin;rgs;gif;jpg;jpeg;jpe;resx;tiff;tif;png;wav;mfcribbon-ms</Extensions>
    </Filter>
  </ItemGroup>
  <ItemGroup>
    <ClCompile Include="src/main.cpp">
      <Filter>Source Files</Filter>
    </ClCompile>
    <ClCompile Include="src/label_generator.cpp">
      <Filter>Source Files</Filter>
    </ClCompile>
    <ClCompile Include="src/vector_buffer.cpp">
      <Filter>Source Files</Filter>
    </ClCompile>
    <ClCompile Include="src/x86/x86.cpp">
      <Filter>Source Files</Filter>
    </ClCompile>
    <ClCompile Include="src/x86/assembler.cpp">
      <Filter>Source Files</Filter>
    </ClCompile>
    <ClCompile Include="src\mips\register_file.cpp">
      <Filter>Source Files</Filter>
    </ClCompile>
    <ClCompile Include="src\mips\mips.cpp">
      <Filter>Source Files</Filter>
    </ClCompile>
    <ClCompile Include="src\mips\instruction.cpp">
      <Filter>Source Files</Filter>
    </ClCompile>
    <ClCompile Include="src\mips\encoding.cpp">
      <Filter>Source Files</Filter>
    </ClCompile>
    <ClCompile Include="src\utils\strtools.cpp">
      <Filter>Source Files</Filter>
    </ClCompile>
    <ClCompile Include="src\mips\utils.cpp">
      <Filter>Source Files</Filter>
    </ClCompile>
    <ClCompile Include="src\mips\loader.cpp">
      <Filter>Source Files</Filter>
    </ClCompile>
    <ClCompile Include="src\mips\parser.cpp">
      <Filter>Source Files</Filter>
    </ClCompile>
    <ClCompile Include="src\utils\io.cpp">
      <Filter>Source Files</Filter>
    </ClCompile>
    <ClCompile Include="src\mips\testing\parser.cpp">
      <Filter>Source Files</Filter>
    </ClCompile>
    <ClCompile Include="src\mips\testing\loader.cpp">
      <Filter>Source Files</Filter>
    </ClCompile>
    <ClCompile Include="src\mips\testing\runner.cpp">
      <Filter>Source Files</Filter>
    </ClCompile>
    <ClCompile Include="src\mips\testing\assertion.cpp">
      <Filter>Source Files</Filter>
    </ClCompile>
    <ClCompile Include="src\mips\testing\initializer.cpp">
      <Filter>Source Files</Filter>
    </ClCompile>
    <ClCompile Include="src\x86\linker.cpp">
      <Filter>Source Files</Filter>
    </ClCompile>
    <ClCompile Include="src\mips\memory_map.cpp">
      <Filter>Source Files</Filter>
    </ClCompile>
    <ClCompile Include="src\mips\testing\test.cpp">
      <Filter>Source Files</Filter>
    </ClCompile>
    <ClCompile Include="src\mips\testing\test_result.cpp">
      <Filter>Source Files</Filter>
    </ClCompile>
    <ClCompile Include="src\emulation\runtime.cpp">
      <Filter>Source Files</Filter>
    </ClCompile>
    <ClCompile Include="src\emulation\interpreter.cpp">
      <Filter>Source Files</Filter>
    </ClCompile>
    <ClCompile Include="src\mips\testing\runner_config.cpp">
      <Filter>Source Files</Filter>
    </ClCompile>
    <ClCompile Include="src\emulation\compiler.cpp">
      <Filter>Source Files</Filter>
    </ClCompile>
    <ClCompile Include="src\emulation\compiled_block.cpp">
      <Filter>Source Files</Filter>
    </ClCompile>
    <ClCompile Include="src\emulation\interpreter_core.cpp">
      <Filter>Source Files</Filter>
    </ClCompile>
    <ClCompile Include="src\emulation\hybrid_runtime.cpp">
      <Filter>Source Files</Filter>
    </ClCompile>
    <ClCompile Include="src\emulation\source_block.cpp">
      <Filter>Source Files</Filter>
    </ClCompile>
    <ClCompile Include="src\common\environment.cpp">
      <Filter>Source Files</Filter>
    </ClCompile>
    <ClCompile Include="src\threading\job.cpp">
      <Filter>Source Files</Filter>
    </ClCompile>
    <ClCompile Include="src\threading\thread_pool.cpp">
      <Filter>Source Files</Filter>
    </ClCompile>
    <ClCompile Include="src\x86\utils.cpp">
      <Filter>Source Files</Filter>
    </ClCompile>
    <ClCompile Include="src\emulation\conditional_jump.cpp">
      <Filter>Source Files</Filter>
    </ClCompile>
    <ClCompile Include="src\emulation\compiler_config.cpp">
      <Filter>Source Files</Filter>
    </ClCompile>
    <ClCompile Include="src\emulation\runtime_config.cpp">
      <Filter>Source Files</Filter>
    </ClCompile>
    <ClCompile Include="src\emulation\unconditional_jump.cpp">
      <Filter>Source Files</Filter>
    </ClCompile>
    <ClCompile Include="src\emulation\interpreter_config.cpp">
      <Filter>Source Files</Filter>
    </ClCompile>
    <ClCompile Include="src\emulation\hybrid_runtime_config.cpp">
      <Filter>Source Files</Filter>
    </ClCompile>
    <ClCompile Include="src\emulation\jump_resolver.cpp">
      <Filter>Source Files</Filter>
    </ClCompile>
  </ItemGroup>
  <ItemGroup>
    <ClInclude Include="src/label_generator.hpp">
      <Filter>Header Files</Filter>
    </ClInclude>
    <ClInclude Include="src/vector_buffer.hpp">
      <Filter>Header Files</Filter>
    </ClInclude>
    <ClInclude Include="stc/strtools.hpp">
      <Filter>Header Files</Filter>
    </ClInclude>
    <ClInclude Include="src/x86/x86.hpp">
      <Filter>Header Files</Filter>
    </ClInclude>
    <ClInclude Include="src/x86/assembler.hpp">
      <Filter>Header Files</Filter>
    </ClInclude>
    <ClInclude Include="src\mips\mips.hpp">
      <Filter>Header Files</Filter>
    </ClInclude>
    <ClInclude Include="src\mips\instruction.hpp">
      <Filter>Header Files</Filter>
    </ClInclude>
    <ClInclude Include="src\utils\functional.hpp">
      <Filter>Header Files</Filter>
    </ClInclude>
    <ClInclude Include="src\mips\register_file.hpp">
      <Filter>Header Files</Filter>
    </ClInclude>
    <ClInclude Include="src\config.hpp">
      <Filter>Header Files</Filter>
    </ClInclude>
    <ClInclude Include="src\mips\encoding.hpp">
      <Filter>Header Files</Filter>
    </ClInclude>
    <ClInclude Include="src\mips\utils.hpp">
      <Filter>Header Files</Filter>
    </ClInclude>
    <ClInclude Include="src\utils\utils.hpp">
      <Filter>Header Files</Filter>
    </ClInclude>
    <ClInclude Include="src\mips\loader.hpp">
      <Filter>Header Files</Filter>
    </ClInclude>
    <ClInclude Include="src\mips\parser.hpp">
      <Filter>Header Files</Filter>
    </ClInclude>
    <ClInclude Include="src\utils\detail\final_act.hpp">
      <Filter>Header Files</Filter>
    </ClInclude>
    <ClInclude Include="src\utils\io.hpp">
      <Filter>Header Files</Filter>
    </ClInclude>
    <ClInclude Include="src\utils\variadic.hpp">
      <Filter>Header Files</Filter>
    </ClInclude>
    <ClInclude Include="src\utils\traits.hpp">
      <Filter>Header Files</Filter>
    </ClInclude>
    <ClInclude Include="src\mips\testing\test.hpp">
      <Filter>Header Files</Filter>
    </ClInclude>
    <ClInclude Include="src\mips\testing\runner.hpp">
      <Filter>Header Files</Filter>
    </ClInclude>
    <ClInclude Include="src\mips\testing\parser.hpp">
      <Filter>Header Files</Filter>
    </ClInclude>
    <ClInclude Include="src\mips\testing\loader.hpp">
      <Filter>Header Files</Filter>
    </ClInclude>
    <ClInclude Include="src\mips\testing\assertion.hpp">
      <Filter>Header Files</Filter>
    </ClInclude>
    <ClInclude Include="src\mips\testing\initializer.hpp">
      <Filter>Header Files</Filter>
    </ClInclude>
    <ClInclude Include="src\utils\regex_parser.hpp">
      <Filter>Header Files</Filter>
    </ClInclude>
    <ClInclude Include="src\x86\linker.hpp">
      <Filter>Header Files</Filter>
    </ClInclude>
    <ClInclude Include="src\error\parse_error.hpp">
      <Filter>Header Files</Filter>
    </ClInclude>
    <ClInclude Include="src\mips\memory_map.hpp">
      <Filter>Header Files</Filter>
    </ClInclude>
    <ClInclude Include="src\utils\csv.hpp">
      <Filter>Header Files</Filter>
    </ClInclude>
    <ClInclude Include="src\mips\testing\test_result.hpp">
      <Filter>Header Files</Filter>
    </ClInclude>
    <ClInclude Include="src\utils\benchmark.hpp">
      <Filter>Header Files</Filter>
    </ClInclude>
    <ClInclude Include="src\memory\dynamic_executable_allocator.hpp">
      <Filter>Header Files</Filter>
    </ClInclude>
    <ClInclude Include="src\memory\executable_allocator.hpp">
      <Filter>Header Files</Filter>
    </ClInclude>
    <ClInclude Include="src\emulation\interpreter.hpp">
      <Filter>Header Files</Filter>
    </ClInclude>
    <ClInclude Include="src\emulation\runtime.hpp">
      <Filter>Header Files</Filter>
    </ClInclude>
    <ClInclude Include="src\emulation\emulator.hpp">
      <Filter>Header Files</Filter>
    </ClInclude>
    <ClInclude Include="src\memory\fixed_pool.hpp">
      <Filter>Header Files</Filter>
    </ClInclude>
    <ClInclude Include="src\common\common.hpp">
      <Filter>Header Files</Filter>
    </ClInclude>
    <ClInclude Include="src\libs\tsl\robin_growth_policy.h">
      <Filter>Header Files</Filter>
    </ClInclude>
    <ClInclude Include="src\libs\tsl\robin_hash.h">
      <Filter>Header Files</Filter>
    </ClInclude>
    <ClInclude Include="src\libs\tsl\robin_map.h">
      <Filter>Header Files</Filter>
    </ClInclude>
    <ClInclude Include="src\libs\tsl\robin_set.h">
      <Filter>Header Files</Filter>
    </ClInclude>
    <ClInclude Include="src\mips\testing\runner_config.hpp">
      <Filter>Header Files</Filter>
    </ClInclude>
    <ClInclude Include="src\emulation\emulator_state.hpp">
      <Filter>Header Files</Filter>
    </ClInclude>
    <ClInclude Include="src\emulation\compiler.hpp">
      <Filter>Header Files</Filter>
    </ClInclude>
    <ClInclude Include="src\emulation\compiler_config.hpp">
      <Filter>Header Files</Filter>
    </ClInclude>
    <ClInclude Include="src\emulation\compiled_block.hpp">
      <Filter>Header Files</Filter>
    </ClInclude>
    <ClInclude Include="src\emulation\interpreter_core.hpp">
      <Filter>Header Files</Filter>
    </ClInclude>
    <ClInclude Include="src\threading\concurrent_queue.hpp">
      <Filter>Header Files</Filter>
    </ClInclude>
    <ClInclude Include="src\threading\thread_pool.hpp">
      <Filter>Header Files</Filter>
    </ClInclude>
    <ClInclude Include="src\threading\job.hpp">
      <Filter>Header Files</Filter>
    </ClInclude>
    <ClInclude Include="src\emulation\hybrid_runtime.hpp">
      <Filter>Header Files</Filter>
    </ClInclude>
    <ClInclude Include="src\emulation\source_block.hpp">
      <Filter>Header Files</Filter>
    </ClInclude>
    <ClInclude Include="src\libs\moodycamel\blockingconcurrentqueue.h">
      <Filter>Header Files</Filter>
    </ClInclude>
    <ClInclude Include="src\libs\moodycamel\concurrentqueue.h">
      <Filter>Header Files</Filter>
    </ClInclude>
    <ClInclude Include="src\libs\moodycamel\lightweightsemaphore.h">
      <Filter>Header Files</Filter>
    </ClInclude>
    <ClInclude Include="src\libs\moodycamel\atomicops.h">
      <Filter>Header Files</Filter>
    </ClInclude>
    <ClInclude Include="src\libs\moodycamel\readerwriterqueue.h">
      <Filter>Header Files</Filter>
    </ClInclude>
    <ClInclude Include="src\memory\pool_handle.hpp">
      <Filter>Header Files</Filter>
    </ClInclude>
    <ClInclude Include="src\common\environment.hpp">
      <Filter>Header Files</Filter>
    </ClInclude>
    <ClInclude Include="src\threading\worker_pool.hpp">
      <Filter>Header Files</Filter>
    </ClInclude>
    <ClInclude Include="src\threading\worker_job.hpp">
      <Filter>Header Files</Filter>
    </ClInclude>
    <ClInclude Include="src\x86\utils.hpp">
      <Filter>Header Files</Filter>
    </ClInclude>
    <ClInclude Include="src\emulation\conditional_jump.hpp">
      <Filter>Header Files</Filter>
    </ClInclude>
    <ClInclude Include="src\emulation\runtime_config.hpp">
      <Filter>Header Files</Filter>
    </ClInclude>
    <ClInclude Include="src\emulation\interpreter_config.hpp">
      <Filter>Header Files</Filter>
    </ClInclude>
    <ClInclude Include="src\emulation\unconditional_jump.hpp">
      <Filter>Header Files</Filter>
    </ClInclude>
    <ClInclude Include="src\emulation\hybrid_runtime_config.hpp">
      <Filter>Header Files</Filter>
    </ClInclude>
    <ClInclude Include="src\emulation\jump_resolver.hpp">
      <Filter>Header Files</Filter>
    </ClInclude>
  </ItemGroup>
  <ItemGroup>
    <None Include="resources\test_main.s" />
    <None Include="src\libs\moodycamel\LICENSE.md" />
  </ItemGroup>
</Project>